// !$*UTF8*$!
{
	archiveVersion = 1;
	classes = {
	};
	objectVersion = 55;
	objects = {

/* Begin PBXBuildFile section */
		FBA4B09427BFC50D001F2FD1 /* Tests_iOS.swift in Sources */ = {isa = PBXBuildFile; fileRef = FBA4B09327BFC50D001F2FD1 /* Tests_iOS.swift */; };
		FBA4B09627BFC50D001F2FD1 /* Tests_iOSLaunchTests.swift in Sources */ = {isa = PBXBuildFile; fileRef = FBA4B09527BFC50D001F2FD1 /* Tests_iOSLaunchTests.swift */; };
		FBA4B0A027BFC50D001F2FD1 /* Tests_macOS.swift in Sources */ = {isa = PBXBuildFile; fileRef = FBA4B09F27BFC50D001F2FD1 /* Tests_macOS.swift */; };
		FBA4B0A227BFC50D001F2FD1 /* Tests_macOSLaunchTests.swift in Sources */ = {isa = PBXBuildFile; fileRef = FBA4B0A127BFC50D001F2FD1 /* Tests_macOSLaunchTests.swift */; };
		FBA4B0A327BFC50D001F2FD1 /* BottomNavBarApp.swift in Sources */ = {isa = PBXBuildFile; fileRef = FBA4B07B27BFC50C001F2FD1 /* BottomNavBarApp.swift */; };
		FBA4B0A427BFC50D001F2FD1 /* BottomNavBarApp.swift in Sources */ = {isa = PBXBuildFile; fileRef = FBA4B07B27BFC50C001F2FD1 /* BottomNavBarApp.swift */; };
		FBA4B0A527BFC50D001F2FD1 /* ContentView.swift in Sources */ = {isa = PBXBuildFile; fileRef = FBA4B07C27BFC50C001F2FD1 /* ContentView.swift */; };
		FBA4B0A627BFC50D001F2FD1 /* ContentView.swift in Sources */ = {isa = PBXBuildFile; fileRef = FBA4B07C27BFC50C001F2FD1 /* ContentView.swift */; };
		FBA4B0A727BFC50D001F2FD1 /* Assets.xcassets in Resources */ = {isa = PBXBuildFile; fileRef = FBA4B07D27BFC50D001F2FD1 /* Assets.xcassets */; };
		FBA4B0A827BFC50D001F2FD1 /* Assets.xcassets in Resources */ = {isa = PBXBuildFile; fileRef = FBA4B07D27BFC50D001F2FD1 /* Assets.xcassets */; };
		FBA4B0B927BFC6A9001F2FD1 /* HomeScreen.swift in Sources */ = {isa = PBXBuildFile; fileRef = FBA4B0B827BFC6A9001F2FD1 /* HomeScreen.swift */; };
		FBA4B0BB27BFC6D6001F2FD1 /* SearchScreen.swift in Sources */ = {isa = PBXBuildFile; fileRef = FBA4B0BA27BFC6D6001F2FD1 /* SearchScreen.swift */; };
		FBA4B0BD27BFC6E2001F2FD1 /* ProfileScreen.swift in Sources */ = {isa = PBXBuildFile; fileRef = FBA4B0BC27BFC6E2001F2FD1 /* ProfileScreen.swift */; };
		FBA4B0BF27BFC6F4001F2FD1 /* SettingScreen.swift in Sources */ = {isa = PBXBuildFile; fileRef = FBA4B0BE27BFC6F4001F2FD1 /* SettingScreen.swift */; };
		FBA4B0C527BFCFCB001F2FD1 /* CircularImageView.swift in Sources */ = {isa = PBXBuildFile; fileRef = FBA4B0C427BFCFCB001F2FD1 /* CircularImageView.swift */; };
		FBA4B0C827BFD812001F2FD1 /* Constants.swift in Sources */ = {isa = PBXBuildFile; fileRef = FBA4B0C727BFD812001F2FD1 /* Constants.swift */; };
		FBA4B0CC27BFDD25001F2FD1 /* PostUi.swift in Sources */ = {isa = PBXBuildFile; fileRef = FBA4B0CB27BFDD25001F2FD1 /* PostUi.swift */; };
		FBA4B0CE27BFDD4C001F2FD1 /* IconButtons.swift in Sources */ = {isa = PBXBuildFile; fileRef = FBA4B0CD27BFDD4C001F2FD1 /* IconButtons.swift */; };
		FBA4B0D027BFDD6C001F2FD1 /* AppIcons.swift in Sources */ = {isa = PBXBuildFile; fileRef = FBA4B0CF27BFDD6C001F2FD1 /* AppIcons.swift */; };
		FBA4B0D327BFDEC1001F2FD1 /* Post.swift in Sources */ = {isa = PBXBuildFile; fileRef = FBA4B0D227BFDEC1001F2FD1 /* Post.swift */; };
/* End PBXBuildFile section */

/* Begin PBXContainerItemProxy section */
		FBA4B09027BFC50D001F2FD1 /* PBXContainerItemProxy */ = {
			isa = PBXContainerItemProxy;
			containerPortal = FBA4B07627BFC50C001F2FD1 /* Project object */;
			proxyType = 1;
			remoteGlobalIDString = FBA4B08127BFC50D001F2FD1;
			remoteInfo = "BottomNavBar (iOS)";
		};
		FBA4B09C27BFC50D001F2FD1 /* PBXContainerItemProxy */ = {
			isa = PBXContainerItemProxy;
			containerPortal = FBA4B07627BFC50C001F2FD1 /* Project object */;
			proxyType = 1;
			remoteGlobalIDString = FBA4B08727BFC50D001F2FD1;
			remoteInfo = "BottomNavBar (macOS)";
		};
/* End PBXContainerItemProxy section */

/* Begin PBXFileReference section */
		FBA4B07B27BFC50C001F2FD1 /* BottomNavBarApp.swift */ = {isa = PBXFileReference; lastKnownFileType = sourcecode.swift; path = BottomNavBarApp.swift; sourceTree = "<group>"; };
		FBA4B07C27BFC50C001F2FD1 /* ContentView.swift */ = {isa = PBXFileReference; lastKnownFileType = sourcecode.swift; path = ContentView.swift; sourceTree = "<group>"; };
		FBA4B07D27BFC50D001F2FD1 /* Assets.xcassets */ = {isa = PBXFileReference; lastKnownFileType = folder.assetcatalog; path = Assets.xcassets; sourceTree = "<group>"; };
		FBA4B08227BFC50D001F2FD1 /* BottomNavBar.app */ = {isa = PBXFileReference; explicitFileType = wrapper.application; includeInIndex = 0; path = BottomNavBar.app; sourceTree = BUILT_PRODUCTS_DIR; };
		FBA4B08827BFC50D001F2FD1 /* BottomNavBar.app */ = {isa = PBXFileReference; explicitFileType = wrapper.application; includeInIndex = 0; path = BottomNavBar.app; sourceTree = BUILT_PRODUCTS_DIR; };
		FBA4B08A27BFC50D001F2FD1 /* macOS.entitlements */ = {isa = PBXFileReference; lastKnownFileType = text.plist.entitlements; path = macOS.entitlements; sourceTree = "<group>"; };
		FBA4B08F27BFC50D001F2FD1 /* Tests iOS.xctest */ = {isa = PBXFileReference; explicitFileType = wrapper.cfbundle; includeInIndex = 0; path = "Tests iOS.xctest"; sourceTree = BUILT_PRODUCTS_DIR; };
		FBA4B09327BFC50D001F2FD1 /* Tests_iOS.swift */ = {isa = PBXFileReference; lastKnownFileType = sourcecode.swift; path = Tests_iOS.swift; sourceTree = "<group>"; };
		FBA4B09527BFC50D001F2FD1 /* Tests_iOSLaunchTests.swift */ = {isa = PBXFileReference; lastKnownFileType = sourcecode.swift; path = Tests_iOSLaunchTests.swift; sourceTree = "<group>"; };
		FBA4B09B27BFC50D001F2FD1 /* Tests macOS.xctest */ = {isa = PBXFileReference; explicitFileType = wrapper.cfbundle; includeInIndex = 0; path = "Tests macOS.xctest"; sourceTree = BUILT_PRODUCTS_DIR; };
		FBA4B09F27BFC50D001F2FD1 /* Tests_macOS.swift */ = {isa = PBXFileReference; lastKnownFileType = sourcecode.swift; path = Tests_macOS.swift; sourceTree = "<group>"; };
		FBA4B0A127BFC50D001F2FD1 /* Tests_macOSLaunchTests.swift */ = {isa = PBXFileReference; lastKnownFileType = sourcecode.swift; path = Tests_macOSLaunchTests.swift; sourceTree = "<group>"; };
		FBA4B0B827BFC6A9001F2FD1 /* HomeScreen.swift */ = {isa = PBXFileReference; lastKnownFileType = sourcecode.swift; path = HomeScreen.swift; sourceTree = "<group>"; };
		FBA4B0BA27BFC6D6001F2FD1 /* SearchScreen.swift */ = {isa = PBXFileReference; lastKnownFileType = sourcecode.swift; path = SearchScreen.swift; sourceTree = "<group>"; };
		FBA4B0BC27BFC6E2001F2FD1 /* ProfileScreen.swift */ = {isa = PBXFileReference; lastKnownFileType = sourcecode.swift; path = ProfileScreen.swift; sourceTree = "<group>"; };
		FBA4B0BE27BFC6F4001F2FD1 /* SettingScreen.swift */ = {isa = PBXFileReference; lastKnownFileType = sourcecode.swift; path = SettingScreen.swift; sourceTree = "<group>"; };
		FBA4B0C427BFCFCB001F2FD1 /* CircularImageView.swift */ = {isa = PBXFileReference; lastKnownFileType = sourcecode.swift; path = CircularImageView.swift; sourceTree = "<group>"; };
		FBA4B0C727BFD812001F2FD1 /* Constants.swift */ = {isa = PBXFileReference; lastKnownFileType = sourcecode.swift; path = Constants.swift; sourceTree = "<group>"; };
		FBA4B0CB27BFDD25001F2FD1 /* PostUi.swift */ = {isa = PBXFileReference; lastKnownFileType = sourcecode.swift; path = PostUi.swift; sourceTree = "<group>"; };
		FBA4B0CD27BFDD4C001F2FD1 /* IconButtons.swift */ = {isa = PBXFileReference; lastKnownFileType = sourcecode.swift; path = IconButtons.swift; sourceTree = "<group>"; };
		FBA4B0CF27BFDD6C001F2FD1 /* AppIcons.swift */ = {isa = PBXFileReference; lastKnownFileType = sourcecode.swift; path = AppIcons.swift; sourceTree = "<group>"; };
		FBA4B0D227BFDEC1001F2FD1 /* Post.swift */ = {isa = PBXFileReference; lastKnownFileType = sourcecode.swift; path = Post.swift; sourceTree = "<group>"; };
/* End PBXFileReference section */

/* Begin PBXFrameworksBuildPhase section */
		FBA4B07F27BFC50D001F2FD1 /* Frameworks */ = {
			isa = PBXFrameworksBuildPhase;
			buildActionMask = 2147483647;
			files = (
			);
			runOnlyForDeploymentPostprocessing = 0;
		};
		FBA4B08527BFC50D001F2FD1 /* Frameworks */ = {
			isa = PBXFrameworksBuildPhase;
			buildActionMask = 2147483647;
			files = (
			);
			runOnlyForDeploymentPostprocessing = 0;
		};
		FBA4B08C27BFC50D001F2FD1 /* Frameworks */ = {
			isa = PBXFrameworksBuildPhase;
			buildActionMask = 2147483647;
			files = (
			);
			runOnlyForDeploymentPostprocessing = 0;
		};
		FBA4B09827BFC50D001F2FD1 /* Frameworks */ = {
			isa = PBXFrameworksBuildPhase;
			buildActionMask = 2147483647;
			files = (
			);
			runOnlyForDeploymentPostprocessing = 0;
		};
/* End PBXFrameworksBuildPhase section */

/* Begin PBXGroup section */
		FBA4B07527BFC50C001F2FD1 = {
			isa = PBXGroup;
			children = (
				FBA4B07A27BFC50C001F2FD1 /* Shared */,
				FBA4B08927BFC50D001F2FD1 /* macOS */,
				FBA4B09227BFC50D001F2FD1 /* Tests iOS */,
				FBA4B09E27BFC50D001F2FD1 /* Tests macOS */,
				FBA4B08327BFC50D001F2FD1 /* Products */,
			);
			sourceTree = "<group>";
		};
		FBA4B07A27BFC50C001F2FD1 /* Shared */ = {
			isa = PBXGroup;
			children = (
				FBA4B0D127BFDEAB001F2FD1 /* Models */,
				FBA4B0C627BFD801001F2FD1 /* Utils */,
				FBA4B0C027BFCF3A001F2FD1 /* components */,
				FBA4B0B727BFC690001F2FD1 /* Views */,
				FBA4B07B27BFC50C001F2FD1 /* BottomNavBarApp.swift */,
				FBA4B07C27BFC50C001F2FD1 /* ContentView.swift */,
				FBA4B07D27BFC50D001F2FD1 /* Assets.xcassets */,
			);
			path = Shared;
			sourceTree = "<group>";
		};
		FBA4B08327BFC50D001F2FD1 /* Products */ = {
			isa = PBXGroup;
			children = (
				FBA4B08227BFC50D001F2FD1 /* BottomNavBar.app */,
				FBA4B08827BFC50D001F2FD1 /* BottomNavBar.app */,
				FBA4B08F27BFC50D001F2FD1 /* Tests iOS.xctest */,
				FBA4B09B27BFC50D001F2FD1 /* Tests macOS.xctest */,
			);
			name = Products;
			sourceTree = "<group>";
		};
		FBA4B08927BFC50D001F2FD1 /* macOS */ = {
			isa = PBXGroup;
			children = (
				FBA4B08A27BFC50D001F2FD1 /* macOS.entitlements */,
			);
			path = macOS;
			sourceTree = "<group>";
		};
		FBA4B09227BFC50D001F2FD1 /* Tests iOS */ = {
			isa = PBXGroup;
			children = (
				FBA4B09327BFC50D001F2FD1 /* Tests_iOS.swift */,
				FBA4B09527BFC50D001F2FD1 /* Tests_iOSLaunchTests.swift */,
			);
			path = "Tests iOS";
			sourceTree = "<group>";
		};
		FBA4B09E27BFC50D001F2FD1 /* Tests macOS */ = {
			isa = PBXGroup;
			children = (
				FBA4B09F27BFC50D001F2FD1 /* Tests_macOS.swift */,
				FBA4B0A127BFC50D001F2FD1 /* Tests_macOSLaunchTests.swift */,
			);
			path = "Tests macOS";
			sourceTree = "<group>";
		};
		FBA4B0B727BFC690001F2FD1 /* Views */ = {
			isa = PBXGroup;
			children = (
				FBA4B0B827BFC6A9001F2FD1 /* HomeScreen.swift */,
				FBA4B0BA27BFC6D6001F2FD1 /* SearchScreen.swift */,
				FBA4B0BC27BFC6E2001F2FD1 /* ProfileScreen.swift */,
				FBA4B0BE27BFC6F4001F2FD1 /* SettingScreen.swift */,
			);
			path = Views;
			sourceTree = "<group>";
		};
		FBA4B0C027BFCF3A001F2FD1 /* components */ = {
			isa = PBXGroup;
			children = (
				FBA4B0C427BFCFCB001F2FD1 /* CircularImageView.swift */,
				FBA4B0CB27BFDD25001F2FD1 /* PostUi.swift */,
				FBA4B0CD27BFDD4C001F2FD1 /* IconButtons.swift */,
			);
			path = components;
			sourceTree = "<group>";
		};
		FBA4B0C627BFD801001F2FD1 /* Utils */ = {
			isa = PBXGroup;
			children = (
				FBA4B0C727BFD812001F2FD1 /* Constants.swift */,
				FBA4B0CF27BFDD6C001F2FD1 /* AppIcons.swift */,
			);
			path = Utils;
			sourceTree = "<group>";
		};
		FBA4B0D127BFDEAB001F2FD1 /* Models */ = {
			isa = PBXGroup;
			children = (
				FBA4B0D227BFDEC1001F2FD1 /* Post.swift */,
			);
			path = Models;
			sourceTree = "<group>";
		};
/* End PBXGroup section */

/* Begin PBXNativeTarget section */
		FBA4B08127BFC50D001F2FD1 /* BottomNavBar (iOS) */ = {
			isa = PBXNativeTarget;
			buildConfigurationList = FBA4B0AB27BFC50D001F2FD1 /* Build configuration list for PBXNativeTarget "BottomNavBar (iOS)" */;
			buildPhases = (
				FBA4B07E27BFC50D001F2FD1 /* Sources */,
				FBA4B07F27BFC50D001F2FD1 /* Frameworks */,
				FBA4B08027BFC50D001F2FD1 /* Resources */,
			);
			buildRules = (
			);
			dependencies = (
			);
			name = "BottomNavBar (iOS)";
			productName = "BottomNavBar (iOS)";
			productReference = FBA4B08227BFC50D001F2FD1 /* BottomNavBar.app */;
			productType = "com.apple.product-type.application";
		};
		FBA4B08727BFC50D001F2FD1 /* BottomNavBar (macOS) */ = {
			isa = PBXNativeTarget;
			buildConfigurationList = FBA4B0AE27BFC50D001F2FD1 /* Build configuration list for PBXNativeTarget "BottomNavBar (macOS)" */;
			buildPhases = (
				FBA4B08427BFC50D001F2FD1 /* Sources */,
				FBA4B08527BFC50D001F2FD1 /* Frameworks */,
				FBA4B08627BFC50D001F2FD1 /* Resources */,
			);
			buildRules = (
			);
			dependencies = (
			);
			name = "BottomNavBar (macOS)";
			productName = "BottomNavBar (macOS)";
			productReference = FBA4B08827BFC50D001F2FD1 /* BottomNavBar.app */;
			productType = "com.apple.product-type.application";
		};
		FBA4B08E27BFC50D001F2FD1 /* Tests iOS */ = {
			isa = PBXNativeTarget;
			buildConfigurationList = FBA4B0B127BFC50D001F2FD1 /* Build configuration list for PBXNativeTarget "Tests iOS" */;
			buildPhases = (
				FBA4B08B27BFC50D001F2FD1 /* Sources */,
				FBA4B08C27BFC50D001F2FD1 /* Frameworks */,
				FBA4B08D27BFC50D001F2FD1 /* Resources */,
			);
			buildRules = (
			);
			dependencies = (
				FBA4B09127BFC50D001F2FD1 /* PBXTargetDependency */,
			);
			name = "Tests iOS";
			productName = "Tests iOS";
			productReference = FBA4B08F27BFC50D001F2FD1 /* Tests iOS.xctest */;
			productType = "com.apple.product-type.bundle.ui-testing";
		};
		FBA4B09A27BFC50D001F2FD1 /* Tests macOS */ = {
			isa = PBXNativeTarget;
			buildConfigurationList = FBA4B0B427BFC50D001F2FD1 /* Build configuration list for PBXNativeTarget "Tests macOS" */;
			buildPhases = (
				FBA4B09727BFC50D001F2FD1 /* Sources */,
				FBA4B09827BFC50D001F2FD1 /* Frameworks */,
				FBA4B09927BFC50D001F2FD1 /* Resources */,
			);
			buildRules = (
			);
			dependencies = (
				FBA4B09D27BFC50D001F2FD1 /* PBXTargetDependency */,
			);
			name = "Tests macOS";
			productName = "Tests macOS";
			productReference = FBA4B09B27BFC50D001F2FD1 /* Tests macOS.xctest */;
			productType = "com.apple.product-type.bundle.ui-testing";
		};
/* End PBXNativeTarget section */

/* Begin PBXProject section */
		FBA4B07627BFC50C001F2FD1 /* Project object */ = {
			isa = PBXProject;
			attributes = {
				BuildIndependentTargetsInParallel = 1;
				LastSwiftUpdateCheck = 1310;
				LastUpgradeCheck = 1310;
				TargetAttributes = {
					FBA4B08127BFC50D001F2FD1 = {
						CreatedOnToolsVersion = 13.1;
					};
					FBA4B08727BFC50D001F2FD1 = {
						CreatedOnToolsVersion = 13.1;
					};
					FBA4B08E27BFC50D001F2FD1 = {
						CreatedOnToolsVersion = 13.1;
						TestTargetID = FBA4B08127BFC50D001F2FD1;
					};
					FBA4B09A27BFC50D001F2FD1 = {
						CreatedOnToolsVersion = 13.1;
						TestTargetID = FBA4B08727BFC50D001F2FD1;
					};
				};
			};
			buildConfigurationList = FBA4B07927BFC50C001F2FD1 /* Build configuration list for PBXProject "BottomNavBar" */;
			compatibilityVersion = "Xcode 13.0";
			developmentRegion = en;
			hasScannedForEncodings = 0;
			knownRegions = (
				en,
				Base,
			);
			mainGroup = FBA4B07527BFC50C001F2FD1;
			productRefGroup = FBA4B08327BFC50D001F2FD1 /* Products */;
			projectDirPath = "";
			projectRoot = "";
			targets = (
				FBA4B08127BFC50D001F2FD1 /* BottomNavBar (iOS) */,
				FBA4B08727BFC50D001F2FD1 /* BottomNavBar (macOS) */,
				FBA4B08E27BFC50D001F2FD1 /* Tests iOS */,
				FBA4B09A27BFC50D001F2FD1 /* Tests macOS */,
			);
		};
/* End PBXProject section */

/* Begin PBXResourcesBuildPhase section */
		FBA4B08027BFC50D001F2FD1 /* Resources */ = {
			isa = PBXResourcesBuildPhase;
			buildActionMask = 2147483647;
			files = (
				FBA4B0A727BFC50D001F2FD1 /* Assets.xcassets in Resources */,
			);
			runOnlyForDeploymentPostprocessing = 0;
		};
		FBA4B08627BFC50D001F2FD1 /* Resources */ = {
			isa = PBXResourcesBuildPhase;
			buildActionMask = 2147483647;
			files = (
				FBA4B0A827BFC50D001F2FD1 /* Assets.xcassets in Resources */,
			);
			runOnlyForDeploymentPostprocessing = 0;
		};
		FBA4B08D27BFC50D001F2FD1 /* Resources */ = {
			isa = PBXResourcesBuildPhase;
			buildActionMask = 2147483647;
			files = (
			);
			runOnlyForDeploymentPostprocessing = 0;
		};
		FBA4B09927BFC50D001F2FD1 /* Resources */ = {
			isa = PBXResourcesBuildPhase;
			buildActionMask = 2147483647;
			files = (
			);
			runOnlyForDeploymentPostprocessing = 0;
		};
/* End PBXResourcesBuildPhase section */

/* Begin PBXSourcesBuildPhase section */
		FBA4B07E27BFC50D001F2FD1 /* Sources */ = {
			isa = PBXSourcesBuildPhase;
			buildActionMask = 2147483647;
			files = (
				FBA4B0BF27BFC6F4001F2FD1 /* SettingScreen.swift in Sources */,
				FBA4B0A527BFC50D001F2FD1 /* ContentView.swift in Sources */,
				FBA4B0CE27BFDD4C001F2FD1 /* IconButtons.swift in Sources */,
				FBA4B0D327BFDEC1001F2FD1 /* Post.swift in Sources */,
				FBA4B0C527BFCFCB001F2FD1 /* CircularImageView.swift in Sources */,
				FBA4B0A327BFC50D001F2FD1 /* BottomNavBarApp.swift in Sources */,
				FBA4B0B927BFC6A9001F2FD1 /* HomeScreen.swift in Sources */,
				FBA4B0BB27BFC6D6001F2FD1 /* SearchScreen.swift in Sources */,
				FBA4B0D027BFDD6C001F2FD1 /* AppIcons.swift in Sources */,
				FBA4B0CC27BFDD25001F2FD1 /* PostUi.swift in Sources */,
				FBA4B0BD27BFC6E2001F2FD1 /* ProfileScreen.swift in Sources */,
				FBA4B0C827BFD812001F2FD1 /* Constants.swift in Sources */,
			);
			runOnlyForDeploymentPostprocessing = 0;
		};
		FBA4B08427BFC50D001F2FD1 /* Sources */ = {
			isa = PBXSourcesBuildPhase;
			buildActionMask = 2147483647;
			files = (
				FBA4B0A627BFC50D001F2FD1 /* ContentView.swift in Sources */,
				FBA4B0A427BFC50D001F2FD1 /* BottomNavBarApp.swift in Sources */,
			);
			runOnlyForDeploymentPostprocessing = 0;
		};
		FBA4B08B27BFC50D001F2FD1 /* Sources */ = {
			isa = PBXSourcesBuildPhase;
			buildActionMask = 2147483647;
			files = (
				FBA4B09627BFC50D001F2FD1 /* Tests_iOSLaunchTests.swift in Sources */,
				FBA4B09427BFC50D001F2FD1 /* Tests_iOS.swift in Sources */,
			);
			runOnlyForDeploymentPostprocessing = 0;
		};
		FBA4B09727BFC50D001F2FD1 /* Sources */ = {
			isa = PBXSourcesBuildPhase;
			buildActionMask = 2147483647;
			files = (
				FBA4B0A227BFC50D001F2FD1 /* Tests_macOSLaunchTests.swift in Sources */,
				FBA4B0A027BFC50D001F2FD1 /* Tests_macOS.swift in Sources */,
			);
			runOnlyForDeploymentPostprocessing = 0;
		};
/* End PBXSourcesBuildPhase section */

/* Begin PBXTargetDependency section */
		FBA4B09127BFC50D001F2FD1 /* PBXTargetDependency */ = {
			isa = PBXTargetDependency;
			target = FBA4B08127BFC50D001F2FD1 /* BottomNavBar (iOS) */;
			targetProxy = FBA4B09027BFC50D001F2FD1 /* PBXContainerItemProxy */;
		};
		FBA4B09D27BFC50D001F2FD1 /* PBXTargetDependency */ = {
			isa = PBXTargetDependency;
			target = FBA4B08727BFC50D001F2FD1 /* BottomNavBar (macOS) */;
			targetProxy = FBA4B09C27BFC50D001F2FD1 /* PBXContainerItemProxy */;
		};
/* End PBXTargetDependency section */

/* Begin XCBuildConfiguration section */
		FBA4B0A927BFC50D001F2FD1 /* Debug */ = {
			isa = XCBuildConfiguration;
			buildSettings = {
				ALWAYS_SEARCH_USER_PATHS = NO;
				CLANG_ANALYZER_NONNULL = YES;
				CLANG_ANALYZER_NUMBER_OBJECT_CONVERSION = YES_AGGRESSIVE;
				CLANG_CXX_LANGUAGE_STANDARD = "gnu++17";
				CLANG_CXX_LIBRARY = "libc++";
				CLANG_ENABLE_MODULES = YES;
				CLANG_ENABLE_OBJC_ARC = YES;
				CLANG_ENABLE_OBJC_WEAK = YES;
				CLANG_WARN_BLOCK_CAPTURE_AUTORELEASING = YES;
				CLANG_WARN_BOOL_CONVERSION = YES;
				CLANG_WARN_COMMA = YES;
				CLANG_WARN_CONSTANT_CONVERSION = YES;
				CLANG_WARN_DEPRECATED_OBJC_IMPLEMENTATIONS = YES;
				CLANG_WARN_DIRECT_OBJC_ISA_USAGE = YES_ERROR;
				CLANG_WARN_DOCUMENTATION_COMMENTS = YES;
				CLANG_WARN_EMPTY_BODY = YES;
				CLANG_WARN_ENUM_CONVERSION = YES;
				CLANG_WARN_INFINITE_RECURSION = YES;
				CLANG_WARN_INT_CONVERSION = YES;
				CLANG_WARN_NON_LITERAL_NULL_CONVERSION = YES;
				CLANG_WARN_OBJC_IMPLICIT_RETAIN_SELF = YES;
				CLANG_WARN_OBJC_LITERAL_CONVERSION = YES;
				CLANG_WARN_OBJC_ROOT_CLASS = YES_ERROR;
				CLANG_WARN_QUOTED_INCLUDE_IN_FRAMEWORK_HEADER = YES;
				CLANG_WARN_RANGE_LOOP_ANALYSIS = YES;
				CLANG_WARN_STRICT_PROTOTYPES = YES;
				CLANG_WARN_SUSPICIOUS_MOVE = YES;
				CLANG_WARN_UNGUARDED_AVAILABILITY = YES_AGGRESSIVE;
				CLANG_WARN_UNREACHABLE_CODE = YES;
				CLANG_WARN__DUPLICATE_METHOD_MATCH = YES;
				COPY_PHASE_STRIP = NO;
				DEBUG_INFORMATION_FORMAT = dwarf;
				ENABLE_STRICT_OBJC_MSGSEND = YES;
				ENABLE_TESTABILITY = YES;
				GCC_C_LANGUAGE_STANDARD = gnu11;
				GCC_DYNAMIC_NO_PIC = NO;
				GCC_NO_COMMON_BLOCKS = YES;
				GCC_OPTIMIZATION_LEVEL = 0;
				GCC_PREPROCESSOR_DEFINITIONS = (
					"DEBUG=1",
					"$(inherited)",
				);
				GCC_WARN_64_TO_32_BIT_CONVERSION = YES;
				GCC_WARN_ABOUT_RETURN_TYPE = YES_ERROR;
				GCC_WARN_UNDECLARED_SELECTOR = YES;
				GCC_WARN_UNINITIALIZED_AUTOS = YES_AGGRESSIVE;
				GCC_WARN_UNUSED_FUNCTION = YES;
				GCC_WARN_UNUSED_VARIABLE = YES;
				MTL_ENABLE_DEBUG_INFO = INCLUDE_SOURCE;
				MTL_FAST_MATH = YES;
				ONLY_ACTIVE_ARCH = YES;
				SWIFT_ACTIVE_COMPILATION_CONDITIONS = DEBUG;
				SWIFT_OPTIMIZATION_LEVEL = "-Onone";
			};
			name = Debug;
		};
		FBA4B0AA27BFC50D001F2FD1 /* Release */ = {
			isa = XCBuildConfiguration;
			buildSettings = {
				ALWAYS_SEARCH_USER_PATHS = NO;
				CLANG_ANALYZER_NONNULL = YES;
				CLANG_ANALYZER_NUMBER_OBJECT_CONVERSION = YES_AGGRESSIVE;
				CLANG_CXX_LANGUAGE_STANDARD = "gnu++17";
				CLANG_CXX_LIBRARY = "libc++";
				CLANG_ENABLE_MODULES = YES;
				CLANG_ENABLE_OBJC_ARC = YES;
				CLANG_ENABLE_OBJC_WEAK = YES;
				CLANG_WARN_BLOCK_CAPTURE_AUTORELEASING = YES;
				CLANG_WARN_BOOL_CONVERSION = YES;
				CLANG_WARN_COMMA = YES;
				CLANG_WARN_CONSTANT_CONVERSION = YES;
				CLANG_WARN_DEPRECATED_OBJC_IMPLEMENTATIONS = YES;
				CLANG_WARN_DIRECT_OBJC_ISA_USAGE = YES_ERROR;
				CLANG_WARN_DOCUMENTATION_COMMENTS = YES;
				CLANG_WARN_EMPTY_BODY = YES;
				CLANG_WARN_ENUM_CONVERSION = YES;
				CLANG_WARN_INFINITE_RECURSION = YES;
				CLANG_WARN_INT_CONVERSION = YES;
				CLANG_WARN_NON_LITERAL_NULL_CONVERSION = YES;
				CLANG_WARN_OBJC_IMPLICIT_RETAIN_SELF = YES;
				CLANG_WARN_OBJC_LITERAL_CONVERSION = YES;
				CLANG_WARN_OBJC_ROOT_CLASS = YES_ERROR;
				CLANG_WARN_QUOTED_INCLUDE_IN_FRAMEWORK_HEADER = YES;
				CLANG_WARN_RANGE_LOOP_ANALYSIS = YES;
				CLANG_WARN_STRICT_PROTOTYPES = YES;
				CLANG_WARN_SUSPICIOUS_MOVE = YES;
				CLANG_WARN_UNGUARDED_AVAILABILITY = YES_AGGRESSIVE;
				CLANG_WARN_UNREACHABLE_CODE = YES;
				CLANG_WARN__DUPLICATE_METHOD_MATCH = YES;
				COPY_PHASE_STRIP = NO;
				DEBUG_INFORMATION_FORMAT = "dwarf-with-dsym";
				ENABLE_NS_ASSERTIONS = NO;
				ENABLE_STRICT_OBJC_MSGSEND = YES;
				GCC_C_LANGUAGE_STANDARD = gnu11;
				GCC_NO_COMMON_BLOCKS = YES;
				GCC_WARN_64_TO_32_BIT_CONVERSION = YES;
				GCC_WARN_ABOUT_RETURN_TYPE = YES_ERROR;
				GCC_WARN_UNDECLARED_SELECTOR = YES;
				GCC_WARN_UNINITIALIZED_AUTOS = YES_AGGRESSIVE;
				GCC_WARN_UNUSED_FUNCTION = YES;
				GCC_WARN_UNUSED_VARIABLE = YES;
				MTL_ENABLE_DEBUG_INFO = NO;
				MTL_FAST_MATH = YES;
				SWIFT_COMPILATION_MODE = wholemodule;
				SWIFT_OPTIMIZATION_LEVEL = "-O";
			};
			name = Release;
		};
		FBA4B0AC27BFC50D001F2FD1 /* Debug */ = {
			isa = XCBuildConfiguration;
			buildSettings = {
				ASSETCATALOG_COMPILER_APPICON_NAME = AppIcon;
				ASSETCATALOG_COMPILER_GLOBAL_ACCENT_COLOR_NAME = AccentColor;
				CODE_SIGN_STYLE = Automatic;
				CURRENT_PROJECT_VERSION = 1;
				ENABLE_PREVIEWS = YES;
				GENERATE_INFOPLIST_FILE = YES;
				INFOPLIST_KEY_UIApplicationSceneManifest_Generation = YES;
				INFOPLIST_KEY_UIApplicationSupportsIndirectInputEvents = YES;
				INFOPLIST_KEY_UILaunchScreen_Generation = YES;
				INFOPLIST_KEY_UISupportedInterfaceOrientations_iPad = "UIInterfaceOrientationPortrait UIInterfaceOrientationPortraitUpsideDown UIInterfaceOrientationLandscapeLeft UIInterfaceOrientationLandscapeRight";
				INFOPLIST_KEY_UISupportedInterfaceOrientations_iPhone = "UIInterfaceOrientationPortrait UIInterfaceOrientationLandscapeLeft UIInterfaceOrientationLandscapeRight";
				IPHONEOS_DEPLOYMENT_TARGET = 15.0;
				LD_RUNPATH_SEARCH_PATHS = (
					"$(inherited)",
					"@executable_path/Frameworks",
				);
				MARKETING_VERSION = 1.0;
				PRODUCT_BUNDLE_IDENTIFIER = com.example.bottomnavbar.BottomNavBar;
				PRODUCT_NAME = BottomNavBar;
				SDKROOT = iphoneos;
				SWIFT_EMIT_LOC_STRINGS = YES;
				SWIFT_VERSION = 5.0;
				TARGETED_DEVICE_FAMILY = "1,2";
			};
			name = Debug;
		};
		FBA4B0AD27BFC50D001F2FD1 /* Release */ = {
			isa = XCBuildConfiguration;
			buildSettings = {
				ASSETCATALOG_COMPILER_APPICON_NAME = AppIcon;
				ASSETCATALOG_COMPILER_GLOBAL_ACCENT_COLOR_NAME = AccentColor;
				CODE_SIGN_STYLE = Automatic;
				CURRENT_PROJECT_VERSION = 1;
				ENABLE_PREVIEWS = YES;
				GENERATE_INFOPLIST_FILE = YES;
				INFOPLIST_KEY_UIApplicationSceneManifest_Generation = YES;
				INFOPLIST_KEY_UIApplicationSupportsIndirectInputEvents = YES;
				INFOPLIST_KEY_UILaunchScreen_Generation = YES;
				INFOPLIST_KEY_UISupportedInterfaceOrientations_iPad = "UIInterfaceOrientationPortrait UIInterfaceOrientationPortraitUpsideDown UIInterfaceOrientationLandscapeLeft UIInterfaceOrientationLandscapeRight";
				INFOPLIST_KEY_UISupportedInterfaceOrientations_iPhone = "UIInterfaceOrientationPortrait UIInterfaceOrientationLandscapeLeft UIInterfaceOrientationLandscapeRight";
				IPHONEOS_DEPLOYMENT_TARGET = 15.0;
				LD_RUNPATH_SEARCH_PATHS = (
					"$(inherited)",
					"@executable_path/Frameworks",
				);
				MARKETING_VERSION = 1.0;
				PRODUCT_BUNDLE_IDENTIFIER = com.example.bottomnavbar.BottomNavBar;
				PRODUCT_NAME = BottomNavBar;
				SDKROOT = iphoneos;
				SWIFT_EMIT_LOC_STRINGS = YES;
				SWIFT_VERSION = 5.0;
				TARGETED_DEVICE_FAMILY = "1,2";
				VALIDATE_PRODUCT = YES;
			};
			name = Release;
		};
		FBA4B0AF27BFC50D001F2FD1 /* Debug */ = {
			isa = XCBuildConfiguration;
			buildSettings = {
				ASSETCATALOG_COMPILER_APPICON_NAME = AppIcon;
				ASSETCATALOG_COMPILER_GLOBAL_ACCENT_COLOR_NAME = AccentColor;
				CODE_SIGN_ENTITLEMENTS = macOS/macOS.entitlements;
				CODE_SIGN_STYLE = Automatic;
				COMBINE_HIDPI_IMAGES = YES;
				CURRENT_PROJECT_VERSION = 1;
				ENABLE_PREVIEWS = YES;
				GENERATE_INFOPLIST_FILE = YES;
				INFOPLIST_KEY_NSHumanReadableCopyright = "";
				LD_RUNPATH_SEARCH_PATHS = (
					"$(inherited)",
					"@executable_path/../Frameworks",
				);
				MACOSX_DEPLOYMENT_TARGET = 12.0;
				MARKETING_VERSION = 1.0;
				PRODUCT_BUNDLE_IDENTIFIER = com.example.bottomnavbar.BottomNavBar;
				PRODUCT_NAME = BottomNavBar;
				SDKROOT = macosx;
				SWIFT_EMIT_LOC_STRINGS = YES;
				SWIFT_VERSION = 5.0;
			};
			name = Debug;
		};
		FBA4B0B027BFC50D001F2FD1 /* Release */ = {
			isa = XCBuildConfiguration;
			buildSettings = {
				ASSETCATALOG_COMPILER_APPICON_NAME = AppIcon;
				ASSETCATALOG_COMPILER_GLOBAL_ACCENT_COLOR_NAME = AccentColor;
				CODE_SIGN_ENTITLEMENTS = macOS/macOS.entitlements;
				CODE_SIGN_STYLE = Automatic;
				COMBINE_HIDPI_IMAGES = YES;
				CURRENT_PROJECT_VERSION = 1;
				ENABLE_PREVIEWS = YES;
				GENERATE_INFOPLIST_FILE = YES;
				INFOPLIST_KEY_NSHumanReadableCopyright = "";
				LD_RUNPATH_SEARCH_PATHS = (
					"$(inherited)",
					"@executable_path/../Frameworks",
				);
				MACOSX_DEPLOYMENT_TARGET = 12.0;
				MARKETING_VERSION = 1.0;
				PRODUCT_BUNDLE_IDENTIFIER = com.example.bottomnavbar.BottomNavBar;
				PRODUCT_NAME = BottomNavBar;
				SDKROOT = macosx;
				SWIFT_EMIT_LOC_STRINGS = YES;
				SWIFT_VERSION = 5.0;
			};
			name = Release;
		};
		FBA4B0B227BFC50D001F2FD1 /* Debug */ = {
			isa = XCBuildConfiguration;
			buildSettings = {
				ALWAYS_EMBED_SWIFT_STANDARD_LIBRARIES = YES;
				CODE_SIGN_STYLE = Automatic;
				CURRENT_PROJECT_VERSION = 1;
				GENERATE_INFOPLIST_FILE = YES;
				IPHONEOS_DEPLOYMENT_TARGET = 15.0;
				LD_RUNPATH_SEARCH_PATHS = (
					"$(inherited)",
					"@executable_path/Frameworks",
					"@loader_path/Frameworks",
				);
				MARKETING_VERSION = 1.0;
				PRODUCT_BUNDLE_IDENTIFIER = "com.example.bottomnavbar.Tests-iOS";
				PRODUCT_NAME = "$(TARGET_NAME)";
				SDKROOT = iphoneos;
				SWIFT_EMIT_LOC_STRINGS = NO;
				SWIFT_VERSION = 5.0;
				TARGETED_DEVICE_FAMILY = "1,2";
				TEST_TARGET_NAME = "BottomNavBar (iOS)";
			};
			name = Debug;
		};
		FBA4B0B327BFC50D001F2FD1 /* Release */ = {
			isa = XCBuildConfiguration;
			buildSettings = {
				ALWAYS_EMBED_SWIFT_STANDARD_LIBRARIES = YES;
				CODE_SIGN_STYLE = Automatic;
				CURRENT_PROJECT_VERSION = 1;
				GENERATE_INFOPLIST_FILE = YES;
				IPHONEOS_DEPLOYMENT_TARGET = 15.0;
				LD_RUNPATH_SEARCH_PATHS = (
					"$(inherited)",
					"@executable_path/Frameworks",
					"@loader_path/Frameworks",
				);
				MARKETING_VERSION = 1.0;
				PRODUCT_BUNDLE_IDENTIFIER = "com.example.bottomnavbar.Tests-iOS";
				PRODUCT_NAME = "$(TARGET_NAME)";
				SDKROOT = iphoneos;
				SWIFT_EMIT_LOC_STRINGS = NO;
				SWIFT_VERSION = 5.0;
				TARGETED_DEVICE_FAMILY = "1,2";
				TEST_TARGET_NAME = "BottomNavBar (iOS)";
				VALIDATE_PRODUCT = YES;
			};
			name = Release;
		};
		FBA4B0B527BFC50D001F2FD1 /* Debug */ = {
			isa = XCBuildConfiguration;
			buildSettings = {
				ALWAYS_EMBED_SWIFT_STANDARD_LIBRARIES = YES;
				CODE_SIGN_STYLE = Automatic;
				COMBINE_HIDPI_IMAGES = YES;
				CURRENT_PROJECT_VERSION = 1;
				GENERATE_INFOPLIST_FILE = YES;
				LD_RUNPATH_SEARCH_PATHS = (
					"$(inherited)",
					"@executable_path/../Frameworks",
					"@loader_path/../Frameworks",
				);
				MACOSX_DEPLOYMENT_TARGET = 12.0;
				MARKETING_VERSION = 1.0;
				PRODUCT_BUNDLE_IDENTIFIER = "com.example.bottomnavbar.Tests-macOS";
				PRODUCT_NAME = "$(TARGET_NAME)";
				SDKROOT = macosx;
				SWIFT_EMIT_LOC_STRINGS = NO;
				SWIFT_VERSION = 5.0;
				TEST_TARGET_NAME = "BottomNavBar (macOS)";
			};
			name = Debug;
		};
		FBA4B0B627BFC50D001F2FD1 /* Release */ = {
			isa = XCBuildConfiguration;
			buildSettings = {
				ALWAYS_EMBED_SWIFT_STANDARD_LIBRARIES = YES;
				CODE_SIGN_STYLE = Automatic;
				COMBINE_HIDPI_IMAGES = YES;
				CURRENT_PROJECT_VERSION = 1;
				GENERATE_INFOPLIST_FILE = YES;
				LD_RUNPATH_SEARCH_PATHS = (
					"$(inherited)",
					"@executable_path/../Frameworks",
					"@loader_path/../Frameworks",
				);
				MACOSX_DEPLOYMENT_TARGET = 12.0;
				MARKETING_VERSION = 1.0;
				PRODUCT_BUNDLE_IDENTIFIER = "com.example.bottomnavbar.Tests-macOS";
				PRODUCT_NAME = "$(TARGET_NAME)";
				SDKROOT = macosx;
				SWIFT_EMIT_LOC_STRINGS = NO;
				SWIFT_VERSION = 5.0;
				TEST_TARGET_NAME = "BottomNavBar (macOS)";
			};
			name = Release;
		};
/* End XCBuildConfiguration section */

/* Begin XCConfigurationList section */
		FBA4B07927BFC50C001F2FD1 /* Build configuration list for PBXProject "BottomNavBar" */ = {
			isa = XCConfigurationList;
			buildConfigurations = (
				FBA4B0A927BFC50D001F2FD1 /* Debug */,
				FBA4B0AA27BFC50D001F2FD1 /* Release */,
			);
			defaultConfigurationIsVisible = 0;
			defaultConfigurationName = Release;
		};
		FBA4B0AB27BFC50D001F2FD1 /* Build configuration list for PBXNativeTarget "BottomNavBar (iOS)" */ = {
			isa = XCConfigurationList;
			buildConfigurations = (
				FBA4B0AC27BFC50D001F2FD1 /* Debug */,
				FBA4B0AD27BFC50D001F2FD1 /* Release */,
			);
			defaultConfigurationIsVisible = 0;
			defaultConfigurationName = Release;
		};
		FBA4B0AE27BFC50D001F2FD1 /* Build configuration list for PBXNativeTarget "BottomNavBar (macOS)" */ = {
			isa = XCConfigurationList;
			buildConfigurations = (
				FBA4B0AF27BFC50D001F2FD1 /* Debug */,
				FBA4B0B027BFC50D001F2FD1 /* Release */,
			);
			defaultConfigurationIsVisible = 0;
			defaultConfigurationName = Release;
		};
		FBA4B0B127BFC50D001F2FD1 /* Build configuration list for PBXNativeTarget "Tests iOS" */ = {
			isa = XCConfigurationList;
			buildConfigurations = (
				FBA4B0B227BFC50D001F2FD1 /* Debug */,
				FBA4B0B327BFC50D001F2FD1 /* Release */,
			);
			defaultConfigurationIsVisible = 0;
			defaultConfigurationName = Release;
		};
		FBA4B0B427BFC50D001F2FD1 /* Build configuration list for PBXNativeTarget "Tests macOS" */ = {
			isa = XCConfigurationList;
			buildConfigurations = (
				FBA4B0B527BFC50D001F2FD1 /* Debug */,
				FBA4B0B627BFC50D001F2FD1 /* Release */,
			);
			defaultConfigurationIsVisible = 0;
			defaultConfigurationName = Release;
		};
/* End XCConfigurationList section */
	};
	rootObject = FBA4B07627BFC50C001F2FD1 /* Project object */;
}
